
Microsoft Visual Studio Solution File, Format Version 12.00
# Visual Studio Version 17
VisualStudioVersion = 17.10.34916.146
MinimumVisualStudioVersion = 10.0.40219.1
Project("{FAE04EC0-301F-11D3-BF4B-00C04F79EFBC}") = "WebAPI-Vize-technical-test", "WebAPI-Vize-technical-test\WebAPI-Vize-technical-test.csproj", "{72B1890A-A51A-4CDB-8137-7ADFF1F20D82}"
EndProject
Global
	GlobalSection(SolutionConfigurationPlatforms) = preSolution
		Debug|Any CPU = Debug|Any CPU
		Release|Any CPU = Release|Any CPU
	EndGlobalSection
	GlobalSection(ProjectConfigurationPlatforms) = postSolution
		{72B1890A-A51A-4CDB-8137-7ADFF1F20D82}.Debug|Any CPU.ActiveCfg = Debug|Any CPU
		{72B1890A-A51A-4CDB-8137-7ADFF1F20D82}.Debug|Any CPU.Build.0 = Debug|Any CPU
		{72B1890A-A51A-4CDB-8137-7ADFF1F20D82}.Release|Any CPU.ActiveCfg = Release|Any CPU
		{72B1890A-A51A-4CDB-8137-7ADFF1F20D82}.Release|Any CPU.Build.0 = Release|Any CPU
	EndGlobalSection
	GlobalSection(SolutionProperties) = preSolution
		HideSolutionNode = FALSE
	EndGlobalSection
	GlobalSection(ExtensibilityGlobals) = postSolution
		SolutionGuid = {0C3E4C3E-B520-4CF8-9FD7-B56BCE01DBAD}
	EndGlobalSection
EndGlobal
